
Microsoft Visual Studio Solution File, Format Version 12.00
# Visual Studio Version 17
VisualStudioVersion = 17.0.31903.59
MinimumVisualStudioVersion = 10.0.40219.1
Project("{FAE04EC0-301F-11D3-BF4B-00C04F79EFBC}") = "API", "API\API.csproj", "{58DE3CAB-6F76-4E75-853A-C8307AB1005A}"
EndProject
Project("{FAE04EC0-301F-11D3-BF4B-00C04F79EFBC}") = "Core", "Core\Core.csproj", "{465D37EA-61F8-448A-B9EC-C1C838EA9F23}"
EndProject
Project("{FAE04EC0-301F-11D3-BF4B-00C04F79EFBC}") = "Infrastructure", "Infrastructure\Infrastructure.csproj", "{FBC6995B-98AF-43FE-9E7D-FE792557DD7C}"
EndProject
Global
	GlobalSection(SolutionConfigurationPlatforms) = preSolution
		Debug|Any CPU = Debug|Any CPU
		Release|Any CPU = Release|Any CPU
	EndGlobalSection
	GlobalSection(SolutionProperties) = preSolution
		HideSolutionNode = FALSE
	EndGlobalSection
	GlobalSection(ProjectConfigurationPlatforms) = postSolution
		{58DE3CAB-6F76-4E75-853A-C8307AB1005A}.Debug|Any CPU.ActiveCfg = Debug|Any CPU
		{58DE3CAB-6F76-4E75-853A-C8307AB1005A}.Debug|Any CPU.Build.0 = Debug|Any CPU
		{58DE3CAB-6F76-4E75-853A-C8307AB1005A}.Release|Any CPU.ActiveCfg = Release|Any CPU
		{58DE3CAB-6F76-4E75-853A-C8307AB1005A}.Release|Any CPU.Build.0 = Release|Any CPU
		{465D37EA-61F8-448A-B9EC-C1C838EA9F23}.Debug|Any CPU.ActiveCfg = Debug|Any CPU
		{465D37EA-61F8-448A-B9EC-C1C838EA9F23}.Debug|Any CPU.Build.0 = Debug|Any CPU
		{465D37EA-61F8-448A-B9EC-C1C838EA9F23}.Release|Any CPU.ActiveCfg = Release|Any CPU
		{465D37EA-61F8-448A-B9EC-C1C838EA9F23}.Release|Any CPU.Build.0 = Release|Any CPU
		{FBC6995B-98AF-43FE-9E7D-FE792557DD7C}.Debug|Any CPU.ActiveCfg = Debug|Any CPU
		{FBC6995B-98AF-43FE-9E7D-FE792557DD7C}.Debug|Any CPU.Build.0 = Debug|Any CPU
		{FBC6995B-98AF-43FE-9E7D-FE792557DD7C}.Release|Any CPU.ActiveCfg = Release|Any CPU
		{FBC6995B-98AF-43FE-9E7D-FE792557DD7C}.Release|Any CPU.Build.0 = Release|Any CPU
	EndGlobalSection
EndGlobal
